
Microsoft Visual Studio Solution File, Format Version 12.00
# Visual Studio Version 16
VisualStudioVersion = 16.0.0.0
Project("{8BC9CEB8-8B4A-11D0-8D11-00A0C91BC942}") = "NtPebTeb", "NtPebTeb.vs16.vcxproj", "{9D0269DA-AB26-4548-9424-58418D848B24}"
EndProject
Project("{8BC9CEB8-8B4A-11D0-8D11-00A0C91BC942}") = "Tests", "Tests\Tests.vs16.vcxproj", "{FF1E55B1-0257-49EB-8487-3AB48C51A8AD}"
EndProject
Global
	GlobalSection(SolutionConfigurationPlatforms) = preSolution
		Debug|Win32 = Debug|Win32
		Debug|x64 = Debug|x64
		Release|Win32 = Release|Win32
		Release|x64 = Release|x64
	EndGlobalSection
	GlobalSection(ProjectConfigurationPlatforms) = postSolution
		{9D0269DA-AB26-4548-9424-58418D848B24}.Debug|Win32.ActiveCfg = Debug|Win32
		{9D0269DA-AB26-4548-9424-58418D848B24}.Debug|Win32.Build.0 = Debug|Win32
		{9D0269DA-AB26-4548-9424-58418D848B24}.Debug|x64.ActiveCfg = Debug|x64
		{9D0269DA-AB26-4548-9424-58418D848B24}.Debug|x64.Build.0 = Debug|x64
		{9D0269DA-AB26-4548-9424-58418D848B24}.Release|Win32.ActiveCfg = Release|Win32
		{9D0269DA-AB26-4548-9424-58418D848B24}.Release|Win32.Build.0 = Release|Win32
		{9D0269DA-AB26-4548-9424-58418D848B24}.Release|x64.ActiveCfg = Release|x64
		{9D0269DA-AB26-4548-9424-58418D848B24}.Release|x64.Build.0 = Release|x64
		{FF1E55B1-0257-49EB-8487-3AB48C51A8AD}.Debug|Win32.ActiveCfg = Debug|Win32
		{FF1E55B1-0257-49EB-8487-3AB48C51A8AD}.Debug|Win32.Build.0 = Debug|Win32
		{FF1E55B1-0257-49EB-8487-3AB48C51A8AD}.Debug|x64.ActiveCfg = Debug|x64
		{FF1E55B1-0257-49EB-8487-3AB48C51A8AD}.Debug|x64.Build.0 = Debug|x64
		{FF1E55B1-0257-49EB-8487-3AB48C51A8AD}.Release|Win32.ActiveCfg = Release|Win32
		{FF1E55B1-0257-49EB-8487-3AB48C51A8AD}.Release|Win32.Build.0 = Release|Win32
		{FF1E55B1-0257-49EB-8487-3AB48C51A8AD}.Release|x64.ActiveCfg = Release|x64
		{FF1E55B1-0257-49EB-8487-3AB48C51A8AD}.Release|x64.Build.0 = Release|x64
	EndGlobalSection
	GlobalSection(SolutionProperties) = preSolution
		HideSolutionNode = FALSE
	EndGlobalSection
EndGlobal
