<?xml version="1.0" encoding="utf-8"?>
<Project xmlns="http://schemas.microsoft.com/developer/msbuild/2003">
  <ItemGroup>
    <Filter Include="Source Files">
      <UniqueIdentifier>{DB22593D-CE3A-8AD5-7D5A-1251E10A5DBA}</UniqueIdentifier>
    </Filter>
    <Filter Include="Header Files">
      <UniqueIdentifier>{91C065AF-51C9-3D9C-1817-6D10CFAE8E66}</UniqueIdentifier>
    </Filter>
    <Filter Include="Special Files">
      <UniqueIdentifier>{AF7CDF7E-A680-D9D2-8616-CC419FA1C645}</UniqueIdentifier>
    </Filter>
  </ItemGroup>
  <ItemGroup>
    <None Include="README.md" />
    <None Include="premake4.lua">
      <Filter>Special Files</Filter>
    </None>
    <None Include="project.early.props" />
    <None Include="project.late.props" />
    <None Include="Directory.Build.targets" />
    <None Include=".editorconfig" />
    <None Include=".clang-format" />
    <None Include=".gitignore">
      <Filter>Special Files</Filter>
    </None>
    <None Include=".hgignore">
      <Filter>Header Files</Filter>
    </None>
  </ItemGroup>
  <ItemGroup>
    <ClInclude Include="exeversion.h">
      <Filter>Header Files</Filter>
    </ClInclude>
    <ClInclude Include="ntnative.h">
      <Filter>Header Files</Filter>
    </ClInclude>
    <ClInclude Include="ntpebldr.hpp">
      <Filter>Header Files</Filter>
    </ClInclude>
    <ClInclude Include="underhanded-ntpebldr.hpp">
      <Filter>Header Files</Filter>
    </ClInclude>
  </ItemGroup>
  <ItemGroup>
    <ClCompile Include="NtPebTeb.cpp">
      <Filter>Source Files</Filter>
    </ClCompile>
  </ItemGroup>
</Project>
