<?xml version="1.0" encoding="utf-8"?>
<Project xmlns="http://schemas.microsoft.com/developer/msbuild/2003">
  <ItemGroup>
    <Filter Include="Source Files">
      <UniqueIdentifier>{F6813B4E-1A9A-AFE5-995F-05AA1AE76A58}</UniqueIdentifier>
    </Filter>
    <Filter Include="Header Files">
      <UniqueIdentifier>{C5818C85-972E-F80D-3D94-2197B72A3FB6}</UniqueIdentifier>
    </Filter>
    <Filter Include="Special Files">
      <UniqueIdentifier>{5D7430A8-44D0-CAF1-03EB-BAFEFF7CD903}</UniqueIdentifier>
    </Filter>
  </ItemGroup>
  <ItemGroup>
    <None Include="create_projects.cmd">
      <Filter>Special Files</Filter>
    </None>
    <None Include="README.md" />
    <None Include="premake4.lua">
      <Filter>Special Files</Filter>
    </None>
    <None Include="project.early.props" />
    <None Include="project.late.props" />
    <None Include="Directory.Build.targets" />
    <None Include="PreprocessSourceFiles.targets" />
    <None Include=".editorconfig" />
    <None Include=".clang-format" />
    <None Include=".gitignore">
      <Filter>Special Files</Filter>
    </None>
    <None Include=".hgignore">
      <Filter>Header Files</Filter>
    </None>
  </ItemGroup>
  <ItemGroup>
    <ClInclude Include="exeversion.h">
      <Filter>Header Files</Filter>
    </ClInclude>
    <ClInclude Include="ntnative.h">
      <Filter>Header Files</Filter>
    </ClInclude>
    <ClInclude Include="ntpebldr.hpp">
      <Filter>Header Files</Filter>
    </ClInclude>
    <ClInclude Include="underhanded-ntpebldr.hpp">
      <Filter>Header Files</Filter>
    </ClInclude>
  </ItemGroup>
  <ItemGroup>
    <ClCompile Include="NtPebTeb.cpp">
      <Filter>Source Files</Filter>
    </ClCompile>
  </ItemGroup>
</Project>
