<?xml version="1.0" encoding="utf-8"?>
<Project xmlns="http://schemas.microsoft.com/developer/msbuild/2003">
  <ItemGroup>
    <Filter Include="Source Files">
      <UniqueIdentifier>{94F872DE-D8EE-CD8D-B1FE-FFD344EAE515}</UniqueIdentifier>
    </Filter>
    <Filter Include="Header Files">
      <UniqueIdentifier>{64BE87B7-22D7-678B-8FAA-DF61686E93B3}</UniqueIdentifier>
    </Filter>
    <Filter Include="Special Files">
      <UniqueIdentifier>{1143D020-2093-B302-2BD8-1BE976ED787B}</UniqueIdentifier>
    </Filter>
  </ItemGroup>
  <ItemGroup>
    <None Include="create_projects.cmd">
      <Filter>Special Files</Filter>
    </None>
    <None Include="README.md" />
    <None Include="premake4.lua">
      <Filter>Special Files</Filter>
    </None>
    <None Include="project.early.props" />
    <None Include="project.late.props" />
    <None Include="Directory.Build.targets" />
    <None Include="PreprocessSourceFiles.targets" />
    <None Include=".editorconfig" />
    <None Include=".clang-format" />
    <None Include=".gitignore">
      <Filter>Special Files</Filter>
    </None>
    <None Include=".hgignore">
      <Filter>Header Files</Filter>
    </None>
  </ItemGroup>
  <ItemGroup>
    <ClInclude Include="exeversion.h">
      <Filter>Header Files</Filter>
    </ClInclude>
    <ClInclude Include="ntnative.h">
      <Filter>Header Files</Filter>
    </ClInclude>
    <ClInclude Include="ntpebldr.hpp">
      <Filter>Header Files</Filter>
    </ClInclude>
    <ClInclude Include="underhanded-ntpebldr.hpp">
      <Filter>Header Files</Filter>
    </ClInclude>
  </ItemGroup>
  <ItemGroup>
    <ClCompile Include="NtPebTeb.cpp">
      <Filter>Source Files</Filter>
    </ClCompile>
  </ItemGroup>
</Project>
