<?xml version="1.0" encoding="utf-8"?>
<Project xmlns="http://schemas.microsoft.com/developer/msbuild/2003">
  <ItemGroup>
    <Filter Include="Source Files">
      <UniqueIdentifier>{F846D431-E735-CDC1-56C6-25BB5BA77C03}</UniqueIdentifier>
    </Filter>
    <Filter Include="Google">
      <UniqueIdentifier>{2B254936-F119-1309-9DE1-D0AB3B322C17}</UniqueIdentifier>
    </Filter>
    <Filter Include="Google\Mock">
      <UniqueIdentifier>{8A28C641-4EEC-E967-42F1-A6CC5D638784}</UniqueIdentifier>
    </Filter>
    <Filter Include="Google\Mock\Header Files">
      <UniqueIdentifier>{44D8C0DC-BFB7-5254-A321-E12197EA962C}</UniqueIdentifier>
    </Filter>
    <Filter Include="Google\Test">
      <UniqueIdentifier>{625941B7-EC21-9000-A5B7-3E177E129E46}</UniqueIdentifier>
    </Filter>
    <Filter Include="Google\Test\Header Files">
      <UniqueIdentifier>{902AB86F-D07D-D6D9-FCF2-05682CF76803}</UniqueIdentifier>
    </Filter>
    <Filter Include="Google\Mock\Source Files">
      <UniqueIdentifier>{41412E50-161A-AFCE-140B-09B9A731018C}</UniqueIdentifier>
    </Filter>
    <Filter Include="Google\Test\Source Files">
      <UniqueIdentifier>{E1443336-0747-BBBE-B921-84BDEF7DC3C7}</UniqueIdentifier>
    </Filter>
  </ItemGroup>
  <ItemGroup>
    <ClInclude Include="googlemock\include\gmock\gmock-actions.h">
      <Filter>Google\Mock\Header Files</Filter>
    </ClInclude>
    <ClInclude Include="googlemock\include\gmock\gmock-cardinalities.h">
      <Filter>Google\Mock\Header Files</Filter>
    </ClInclude>
    <ClInclude Include="googlemock\include\gmock\gmock-function-mocker.h">
      <Filter>Google\Mock\Header Files</Filter>
    </ClInclude>
    <ClInclude Include="googlemock\include\gmock\gmock-matchers.h">
      <Filter>Google\Mock\Header Files</Filter>
    </ClInclude>
    <ClInclude Include="googlemock\include\gmock\gmock-more-actions.h">
      <Filter>Google\Mock\Header Files</Filter>
    </ClInclude>
    <ClInclude Include="googlemock\include\gmock\gmock-more-matchers.h">
      <Filter>Google\Mock\Header Files</Filter>
    </ClInclude>
    <ClInclude Include="googlemock\include\gmock\gmock-nice-strict.h">
      <Filter>Google\Mock\Header Files</Filter>
    </ClInclude>
    <ClInclude Include="googlemock\include\gmock\gmock-spec-builders.h">
      <Filter>Google\Mock\Header Files</Filter>
    </ClInclude>
    <ClInclude Include="googlemock\include\gmock\gmock.h">
      <Filter>Google\Mock\Header Files</Filter>
    </ClInclude>
    <ClInclude Include="googletest\include\gtest\gtest-assertion-result.h">
      <Filter>Google\Test\Header Files</Filter>
    </ClInclude>
    <ClInclude Include="googletest\include\gtest\gtest-death-test.h">
      <Filter>Google\Test\Header Files</Filter>
    </ClInclude>
    <ClInclude Include="googletest\include\gtest\gtest-matchers.h">
      <Filter>Google\Test\Header Files</Filter>
    </ClInclude>
    <ClInclude Include="googletest\include\gtest\gtest-message.h">
      <Filter>Google\Test\Header Files</Filter>
    </ClInclude>
    <ClInclude Include="googletest\include\gtest\gtest-param-test.h">
      <Filter>Google\Test\Header Files</Filter>
    </ClInclude>
    <ClInclude Include="googletest\include\gtest\gtest-printers.h">
      <Filter>Google\Test\Header Files</Filter>
    </ClInclude>
    <ClInclude Include="googletest\include\gtest\gtest-spi.h">
      <Filter>Google\Test\Header Files</Filter>
    </ClInclude>
    <ClInclude Include="googletest\include\gtest\gtest-test-part.h">
      <Filter>Google\Test\Header Files</Filter>
    </ClInclude>
    <ClInclude Include="googletest\include\gtest\gtest-typed-test.h">
      <Filter>Google\Test\Header Files</Filter>
    </ClInclude>
    <ClInclude Include="googletest\include\gtest\gtest.h">
      <Filter>Google\Test\Header Files</Filter>
    </ClInclude>
    <ClInclude Include="googletest\include\gtest\gtest_pred_impl.h">
      <Filter>Google\Test\Header Files</Filter>
    </ClInclude>
    <ClInclude Include="googletest\include\gtest\gtest_prod.h">
      <Filter>Google\Test\Header Files</Filter>
    </ClInclude>
    <ClInclude Include="googletest\src\gtest-internal-inl.h">
      <Filter>Google\Test\Source Files</Filter>
    </ClInclude>
  </ItemGroup>
  <ItemGroup>
    <ClCompile Include="Crt.cpp">
      <Filter>Source Files</Filter>
    </ClCompile>
    <ClCompile Include="kernelbase-reimpl.cpp">
      <Filter>Source Files</Filter>
    </ClCompile>
    <ClCompile Include="ntdll-reimpl.cpp">
      <Filter>Source Files</Filter>
    </ClCompile>
    <ClCompile Include="static_murmur3.cpp">
      <Filter>Source Files</Filter>
    </ClCompile>
    <ClCompile Include="Tests.cpp">
      <Filter>Source Files</Filter>
    </ClCompile>
    <ClCompile Include="underhanded.cpp">
      <Filter>Source Files</Filter>
    </ClCompile>
    <ClCompile Include="googlemock\src\gmock-all.cc">
      <Filter>Google\Mock\Source Files</Filter>
    </ClCompile>
    <ClCompile Include="googletest\src\gtest-all.cc">
      <Filter>Google\Test\Source Files</Filter>
    </ClCompile>
  </ItemGroup>
</Project>
