<?xml version="1.0" encoding="utf-8"?>
<Project xmlns="http://schemas.microsoft.com/developer/msbuild/2003">
  <ItemGroup>
    <Filter Include="Source Files">
      <UniqueIdentifier>{0037EFD1-5D96-F46C-D544-32F2E3E816B1}</UniqueIdentifier>
    </Filter>
    <Filter Include="Google">
      <UniqueIdentifier>{3B391591-1FE8-995C-1E37-C9010A5AD099}</UniqueIdentifier>
    </Filter>
    <Filter Include="Google\Mock">
      <UniqueIdentifier>{47D87A43-297F-D9AF-05F9-0EE38E8EA417}</UniqueIdentifier>
    </Filter>
    <Filter Include="Google\Mock\Header Files">
      <UniqueIdentifier>{B47B3982-BBB6-1994-F893-B39E31167752}</UniqueIdentifier>
    </Filter>
    <Filter Include="Google\Test">
      <UniqueIdentifier>{E2D0C282-C458-8E17-0B6D-79C20F697941}</UniqueIdentifier>
    </Filter>
    <Filter Include="Google\Test\Header Files">
      <UniqueIdentifier>{7A49F328-65AB-E765-CA17-525878D1B945}</UniqueIdentifier>
    </Filter>
    <Filter Include="Google\Mock\Source Files">
      <UniqueIdentifier>{BE2DAA54-DB39-DB10-0412-B4476BBBE7F7}</UniqueIdentifier>
    </Filter>
    <Filter Include="Google\Test\Source Files">
      <UniqueIdentifier>{39C80DD4-8522-DAC3-3A4D-108BD26B8338}</UniqueIdentifier>
    </Filter>
  </ItemGroup>
  <ItemGroup>
    <ClInclude Include="googlemock\include\gmock\gmock-actions.h">
      <Filter>Google\Mock\Header Files</Filter>
    </ClInclude>
    <ClInclude Include="googlemock\include\gmock\gmock-cardinalities.h">
      <Filter>Google\Mock\Header Files</Filter>
    </ClInclude>
    <ClInclude Include="googlemock\include\gmock\gmock-function-mocker.h">
      <Filter>Google\Mock\Header Files</Filter>
    </ClInclude>
    <ClInclude Include="googlemock\include\gmock\gmock-matchers.h">
      <Filter>Google\Mock\Header Files</Filter>
    </ClInclude>
    <ClInclude Include="googlemock\include\gmock\gmock-more-actions.h">
      <Filter>Google\Mock\Header Files</Filter>
    </ClInclude>
    <ClInclude Include="googlemock\include\gmock\gmock-more-matchers.h">
      <Filter>Google\Mock\Header Files</Filter>
    </ClInclude>
    <ClInclude Include="googlemock\include\gmock\gmock-nice-strict.h">
      <Filter>Google\Mock\Header Files</Filter>
    </ClInclude>
    <ClInclude Include="googlemock\include\gmock\gmock-spec-builders.h">
      <Filter>Google\Mock\Header Files</Filter>
    </ClInclude>
    <ClInclude Include="googlemock\include\gmock\gmock.h">
      <Filter>Google\Mock\Header Files</Filter>
    </ClInclude>
    <ClInclude Include="googletest\include\gtest\gtest-assertion-result.h">
      <Filter>Google\Test\Header Files</Filter>
    </ClInclude>
    <ClInclude Include="googletest\include\gtest\gtest-death-test.h">
      <Filter>Google\Test\Header Files</Filter>
    </ClInclude>
    <ClInclude Include="googletest\include\gtest\gtest-matchers.h">
      <Filter>Google\Test\Header Files</Filter>
    </ClInclude>
    <ClInclude Include="googletest\include\gtest\gtest-message.h">
      <Filter>Google\Test\Header Files</Filter>
    </ClInclude>
    <ClInclude Include="googletest\include\gtest\gtest-param-test.h">
      <Filter>Google\Test\Header Files</Filter>
    </ClInclude>
    <ClInclude Include="googletest\include\gtest\gtest-printers.h">
      <Filter>Google\Test\Header Files</Filter>
    </ClInclude>
    <ClInclude Include="googletest\include\gtest\gtest-spi.h">
      <Filter>Google\Test\Header Files</Filter>
    </ClInclude>
    <ClInclude Include="googletest\include\gtest\gtest-test-part.h">
      <Filter>Google\Test\Header Files</Filter>
    </ClInclude>
    <ClInclude Include="googletest\include\gtest\gtest-typed-test.h">
      <Filter>Google\Test\Header Files</Filter>
    </ClInclude>
    <ClInclude Include="googletest\include\gtest\gtest.h">
      <Filter>Google\Test\Header Files</Filter>
    </ClInclude>
    <ClInclude Include="googletest\include\gtest\gtest_pred_impl.h">
      <Filter>Google\Test\Header Files</Filter>
    </ClInclude>
    <ClInclude Include="googletest\include\gtest\gtest_prod.h">
      <Filter>Google\Test\Header Files</Filter>
    </ClInclude>
    <ClInclude Include="googletest\src\gtest-internal-inl.h">
      <Filter>Google\Test\Source Files</Filter>
    </ClInclude>
  </ItemGroup>
  <ItemGroup>
    <ClCompile Include="Crt.cpp">
      <Filter>Source Files</Filter>
    </ClCompile>
    <ClCompile Include="kernelbase-reimpl.cpp">
      <Filter>Source Files</Filter>
    </ClCompile>
    <ClCompile Include="ntdll-reimpl.cpp">
      <Filter>Source Files</Filter>
    </ClCompile>
    <ClCompile Include="static_murmur3.cpp">
      <Filter>Source Files</Filter>
    </ClCompile>
    <ClCompile Include="Tests.cpp">
      <Filter>Source Files</Filter>
    </ClCompile>
    <ClCompile Include="underhanded.cpp">
      <Filter>Source Files</Filter>
    </ClCompile>
    <ClCompile Include="googlemock\src\gmock-all.cc">
      <Filter>Google\Mock\Source Files</Filter>
    </ClCompile>
    <ClCompile Include="googletest\src\gtest-all.cc">
      <Filter>Google\Test\Source Files</Filter>
    </ClCompile>
  </ItemGroup>
</Project>
